
Microsoft Visual Studio Solution File, Format Version 12.00
# Visual Studio 14
VisualStudioVersion = 14.0.25420.1
MinimumVisualStudioVersion = 10.0.40219.1
Project("{FAE04EC0-301F-11D3-BF4B-00C04F79EFBC}") = "labo8", "labo8\labo8.csproj", "{03A34DDA-BB9D-403E-BDC8-7585F00701AC}"
EndProject
Project("{FAE04EC0-301F-11D3-BF4B-00C04F79EFBC}") = "przyklad4", "przyklad4\przyklad4.csproj", "{E9C95C36-E0D3-45D5-8F41-860C4F9F5989}"
EndProject
Project("{FAE04EC0-301F-11D3-BF4B-00C04F79EFBC}") = "przyklad7", "przyklad7\przyklad7.csproj", "{E13A832F-5C26-4D5D-AF33-9984B0F30094}"
EndProject
Project("{FAE04EC0-301F-11D3-BF4B-00C04F79EFBC}") = "przyklad10", "przyklad10\przyklad10.csproj", "{AE764289-73FC-4815-AA41-601EA27E0595}"
EndProject
Project("{FAE04EC0-301F-11D3-BF4B-00C04F79EFBC}") = "przyklad11", "przyklad11\przyklad11.csproj", "{E167B26D-E281-4F96-AF8D-3485626EFB95}"
EndProject
Project("{FAE04EC0-301F-11D3-BF4B-00C04F79EFBC}") = "przyklad12", "przyklad12\przyklad12.csproj", "{87E45844-C206-4B87-A73A-B305BA8B73A9}"
EndProject
Project("{2150E333-8FDC-42A3-9474-1A3956D46DE8}") = "Solution Items", "Solution Items", "{7C1A51BC-AA08-4466-BFBB-B5CEC58FF9EF}"
EndProject
Project("{FAE04EC0-301F-11D3-BF4B-00C04F79EFBC}") = "demoPipeline", "..\..\..\dotNET\demoPipelineLabo\demoPipeline\demoPipeline.csproj", "{3F8A6EAD-7B90-491A-961D-EBD8881709C3}"
EndProject
Project("{FAE04EC0-301F-11D3-BF4B-00C04F79EFBC}") = "demoLookup", "demoLookup\demoLookup.csproj", "{E9AE53CC-FCF1-4A4D-B7B4-EA0BB689358A}"
EndProject
Project("{FAE04EC0-301F-11D3-BF4B-00C04F79EFBC}") = "demoHaskSet", "demoHaskSet\demoHaskSet.csproj", "{4D241156-5586-4375-AE8E-54C3DC808F0C}"
EndProject
Project("{FAE04EC0-301F-11D3-BF4B-00C04F79EFBC}") = "DemoSortedSet", "DemoSortedSet\DemoSortedSet.csproj", "{B7C9BC39-312F-48E1-BEF6-B7B8223D7835}"
EndProject
Global
	GlobalSection(SolutionConfigurationPlatforms) = preSolution
		Debug|Any CPU = Debug|Any CPU
		Release|Any CPU = Release|Any CPU
	EndGlobalSection
	GlobalSection(ProjectConfigurationPlatforms) = postSolution
		{03A34DDA-BB9D-403E-BDC8-7585F00701AC}.Debug|Any CPU.ActiveCfg = Debug|Any CPU
		{03A34DDA-BB9D-403E-BDC8-7585F00701AC}.Debug|Any CPU.Build.0 = Debug|Any CPU
		{03A34DDA-BB9D-403E-BDC8-7585F00701AC}.Release|Any CPU.ActiveCfg = Release|Any CPU
		{03A34DDA-BB9D-403E-BDC8-7585F00701AC}.Release|Any CPU.Build.0 = Release|Any CPU
		{E9C95C36-E0D3-45D5-8F41-860C4F9F5989}.Debug|Any CPU.ActiveCfg = Debug|Any CPU
		{E9C95C36-E0D3-45D5-8F41-860C4F9F5989}.Debug|Any CPU.Build.0 = Debug|Any CPU
		{E9C95C36-E0D3-45D5-8F41-860C4F9F5989}.Release|Any CPU.ActiveCfg = Release|Any CPU
		{E9C95C36-E0D3-45D5-8F41-860C4F9F5989}.Release|Any CPU.Build.0 = Release|Any CPU
		{E13A832F-5C26-4D5D-AF33-9984B0F30094}.Debug|Any CPU.ActiveCfg = Debug|Any CPU
		{E13A832F-5C26-4D5D-AF33-9984B0F30094}.Debug|Any CPU.Build.0 = Debug|Any CPU
		{E13A832F-5C26-4D5D-AF33-9984B0F30094}.Release|Any CPU.ActiveCfg = Release|Any CPU
		{E13A832F-5C26-4D5D-AF33-9984B0F30094}.Release|Any CPU.Build.0 = Release|Any CPU
		{AE764289-73FC-4815-AA41-601EA27E0595}.Debug|Any CPU.ActiveCfg = Debug|Any CPU
		{AE764289-73FC-4815-AA41-601EA27E0595}.Debug|Any CPU.Build.0 = Debug|Any CPU
		{AE764289-73FC-4815-AA41-601EA27E0595}.Release|Any CPU.ActiveCfg = Release|Any CPU
		{AE764289-73FC-4815-AA41-601EA27E0595}.Release|Any CPU.Build.0 = Release|Any CPU
		{E167B26D-E281-4F96-AF8D-3485626EFB95}.Debug|Any CPU.ActiveCfg = Debug|Any CPU
		{E167B26D-E281-4F96-AF8D-3485626EFB95}.Debug|Any CPU.Build.0 = Debug|Any CPU
		{E167B26D-E281-4F96-AF8D-3485626EFB95}.Release|Any CPU.ActiveCfg = Release|Any CPU
		{E167B26D-E281-4F96-AF8D-3485626EFB95}.Release|Any CPU.Build.0 = Release|Any CPU
		{87E45844-C206-4B87-A73A-B305BA8B73A9}.Debug|Any CPU.ActiveCfg = Debug|Any CPU
		{87E45844-C206-4B87-A73A-B305BA8B73A9}.Debug|Any CPU.Build.0 = Debug|Any CPU
		{87E45844-C206-4B87-A73A-B305BA8B73A9}.Release|Any CPU.ActiveCfg = Release|Any CPU
		{87E45844-C206-4B87-A73A-B305BA8B73A9}.Release|Any CPU.Build.0 = Release|Any CPU
		{3F8A6EAD-7B90-491A-961D-EBD8881709C3}.Debug|Any CPU.ActiveCfg = Debug|Any CPU
		{3F8A6EAD-7B90-491A-961D-EBD8881709C3}.Debug|Any CPU.Build.0 = Debug|Any CPU
		{3F8A6EAD-7B90-491A-961D-EBD8881709C3}.Release|Any CPU.ActiveCfg = Release|Any CPU
		{3F8A6EAD-7B90-491A-961D-EBD8881709C3}.Release|Any CPU.Build.0 = Release|Any CPU
		{E9AE53CC-FCF1-4A4D-B7B4-EA0BB689358A}.Debug|Any CPU.ActiveCfg = Debug|Any CPU
		{E9AE53CC-FCF1-4A4D-B7B4-EA0BB689358A}.Debug|Any CPU.Build.0 = Debug|Any CPU
		{E9AE53CC-FCF1-4A4D-B7B4-EA0BB689358A}.Release|Any CPU.ActiveCfg = Release|Any CPU
		{E9AE53CC-FCF1-4A4D-B7B4-EA0BB689358A}.Release|Any CPU.Build.0 = Release|Any CPU
		{4D241156-5586-4375-AE8E-54C3DC808F0C}.Debug|Any CPU.ActiveCfg = Debug|Any CPU
		{4D241156-5586-4375-AE8E-54C3DC808F0C}.Debug|Any CPU.Build.0 = Debug|Any CPU
		{4D241156-5586-4375-AE8E-54C3DC808F0C}.Release|Any CPU.ActiveCfg = Release|Any CPU
		{4D241156-5586-4375-AE8E-54C3DC808F0C}.Release|Any CPU.Build.0 = Release|Any CPU
		{B7C9BC39-312F-48E1-BEF6-B7B8223D7835}.Debug|Any CPU.ActiveCfg = Debug|Any CPU
		{B7C9BC39-312F-48E1-BEF6-B7B8223D7835}.Debug|Any CPU.Build.0 = Debug|Any CPU
		{B7C9BC39-312F-48E1-BEF6-B7B8223D7835}.Release|Any CPU.ActiveCfg = Release|Any CPU
		{B7C9BC39-312F-48E1-BEF6-B7B8223D7835}.Release|Any CPU.Build.0 = Release|Any CPU
	EndGlobalSection
	GlobalSection(SolutionProperties) = preSolution
		HideSolutionNode = FALSE
	EndGlobalSection
EndGlobal
